{
    "_readme": [
        "This file locks the dependencies of your project to a known state",
        "Read more about it at https://getcomposer.org/doc/01-basic-usage.md#composer-lock-the-lock-file",
        "This file is @generated automatically"
    ],
    "content-hash": "bd05c970bb9fd061833a8dde1a64d823",
    "packages": [
        {
            "name": "vgrem/php-spo",
            "version": "dev-master",
            "source": {
                "type": "git",
                "url": "https://github.com/vgrem/phpSPO.git",
                "reference": "17ad8ded66e617a7b8d622baaa264cdca58acb02"
            },
            "dist": {
                "type": "zip",
                "url": "https://api.github.com/repos/vgrem/phpSPO/zipball/17ad8ded66e617a7b8d622baaa264cdca58acb02",
                "reference": "17ad8ded66e617a7b8d622baaa264cdca58acb02",
                "shasum": ""
            },
            "require": {
                "ext-curl": "*",
                "php": ">=5.4"
            },
            "type": "library",
            "autoload": {
                "psr-4": {
                    "Office365\\PHP\\Client\\": "src/"
                }
            },
            "notification-url": "https://packagist.org/downloads/",
            "license": [
                "LGPL-3.0+"
            ],
            "authors": [
                {
                    "name": "Vadim Gremyachev",
                    "email": "vvgrem@gmail.com"
                }
            ],
            "description": "The library provides a Office 365 REST client for PHP. It allows to performs CRUD operations against Office 365 resources via an REST/OData based API",
            "keywords": [
                "Office365",
                "api",
                "curl",
                "rest",
                "sharepoint"
            ],
            "time": "2016-10-09 19:38:21"
        }
    ],
    "packages-dev": [],
    "aliases": [],
    "minimum-stability": "stable",
    "stability-flags": {
        "vgrem/php-spo": 20
    },
    "prefer-stable": false,
    "prefer-lowest": false,
    "platform": [],
    "platform-dev": []
}
